
Microsoft Visual Studio Solution File, Format Version 12.00
# Visual Studio Version 17
VisualStudioVersion = 17.3.32922.545
MinimumVisualStudioVersion = 10.0.40219.1
Project("{9A19103F-16F7-4668-BE54-9A1E7A4F7556}") = "Demo_ASP_MVC_05_InjectionDependances", "Demo_ASP_MVC_05_InjectionDependances\Demo_ASP_MVC_05_InjectionDependances.csproj", "{DEF92D3C-C4EA-41BC-95C5-3BEFA662414F}"
EndProject
Global
	GlobalSection(SolutionConfigurationPlatforms) = preSolution
		Debug|Any CPU = Debug|Any CPU
		Release|Any CPU = Release|Any CPU
	EndGlobalSection
	GlobalSection(ProjectConfigurationPlatforms) = postSolution
		{DEF92D3C-C4EA-41BC-95C5-3BEFA662414F}.Debug|Any CPU.ActiveCfg = Debug|Any CPU
		{DEF92D3C-C4EA-41BC-95C5-3BEFA662414F}.Debug|Any CPU.Build.0 = Debug|Any CPU
		{DEF92D3C-C4EA-41BC-95C5-3BEFA662414F}.Release|Any CPU.ActiveCfg = Release|Any CPU
		{DEF92D3C-C4EA-41BC-95C5-3BEFA662414F}.Release|Any CPU.Build.0 = Release|Any CPU
	EndGlobalSection
	GlobalSection(SolutionProperties) = preSolution
		HideSolutionNode = FALSE
	EndGlobalSection
	GlobalSection(ExtensibilityGlobals) = postSolution
		SolutionGuid = {5CD2A519-C764-4665-A788-F569703EA199}
	EndGlobalSection
EndGlobal
